
Microsoft Visual Studio Solution File, Format Version 12.00
# Visual Studio Version 17
VisualStudioVersion = 17.10.35013.160
MinimumVisualStudioVersion = 10.0.40219.1
Project("{FAE04EC0-301F-11D3-BF4B-00C04F79EFBC}") = "First Project", "First Project\First Project.csproj", "{F66BB49C-3961-4321-A537-0015DE3C33B6}"
EndProject
Global
	GlobalSection(SolutionConfigurationPlatforms) = preSolution
		Debug|Any CPU = Debug|Any CPU
		Release|Any CPU = Release|Any CPU
	EndGlobalSection
	GlobalSection(ProjectConfigurationPlatforms) = postSolution
		{F66BB49C-3961-4321-A537-0015DE3C33B6}.Debug|Any CPU.ActiveCfg = Debug|Any CPU
		{F66BB49C-3961-4321-A537-0015DE3C33B6}.Debug|Any CPU.Build.0 = Debug|Any CPU
		{F66BB49C-3961-4321-A537-0015DE3C33B6}.Release|Any CPU.ActiveCfg = Release|Any CPU
		{F66BB49C-3961-4321-A537-0015DE3C33B6}.Release|Any CPU.Build.0 = Release|Any CPU
	EndGlobalSection
	GlobalSection(SolutionProperties) = preSolution
		HideSolutionNode = FALSE
	EndGlobalSection
	GlobalSection(ExtensibilityGlobals) = postSolution
		SolutionGuid = {3C4B1EDB-6461-4F91-8958-F91CB2BD62DA}
	EndGlobalSection
EndGlobal
